// !$*UTF8*$!
{
	archiveVersion = 1;
	classes = {
	};
	objectVersion = 50;
	objects = {

/* Begin PBXBuildFile section */
		B898EE2228610072001747A6 /* AppDelegate.swift in Sources */ = {isa = PBXBuildFile; fileRef = B898EE2128610072001747A6 /* AppDelegate.swift */; };
		B898EE2428610072001747A6 /* SceneDelegate.swift in Sources */ = {isa = PBXBuildFile; fileRef = B898EE2328610072001747A6 /* SceneDelegate.swift */; };
		B898EE2628610072001747A6 /* ViewController.swift in Sources */ = {isa = PBXBuildFile; fileRef = B898EE2528610072001747A6 /* ViewController.swift */; };
		B898EE2928610072001747A6 /* Main.storyboard in Resources */ = {isa = PBXBuildFile; fileRef = B898EE2728610072001747A6 /* Main.storyboard */; };
		B898EE2B28610073001747A6 /* Assets.xcassets in Resources */ = {isa = PBXBuildFile; fileRef = B898EE2A28610073001747A6 /* Assets.xcassets */; };
		B898EE2E28610073001747A6 /* LaunchScreen.storyboard in Resources */ = {isa = PBXBuildFile; fileRef = B898EE2C28610073001747A6 /* LaunchScreen.storyboard */; };
		B898EE3628611599001747A6 /* Capstone2022 in Resources */ = {isa = PBXBuildFile; fileRef = B898EE3528611599001747A6 /* Capstone2022 */; };
/* End PBXBuildFile section */

/* Begin PBXFileReference section */
		B898EE1E28610072001747A6 /* OverlayCameraApp.app */ = {isa = PBXFileReference; explicitFileType = wrapper.application; includeInIndex = 0; path = OverlayCameraApp.app; sourceTree = BUILT_PRODUCTS_DIR; };
		B898EE2128610072001747A6 /* AppDelegate.swift */ = {isa = PBXFileReference; lastKnownFileType = sourcecode.swift; path = AppDelegate.swift; sourceTree = "<group>"; };
		B898EE2328610072001747A6 /* SceneDelegate.swift */ = {isa = PBXFileReference; lastKnownFileType = sourcecode.swift; path = SceneDelegate.swift; sourceTree = "<group>"; };
		B898EE2528610072001747A6 /* ViewController.swift */ = {isa = PBXFileReference; lastKnownFileType = sourcecode.swift; path = ViewController.swift; sourceTree = "<group>"; };
		B898EE2828610072001747A6 /* Base */ = {isa = PBXFileReference; lastKnownFileType = file.storyboard; name = Base; path = Base.lproj/Main.storyboard; sourceTree = "<group>"; };
		B898EE2A28610073001747A6 /* Assets.xcassets */ = {isa = PBXFileReference; lastKnownFileType = folder.assetcatalog; path = Assets.xcassets; sourceTree = "<group>"; };
		B898EE2D28610073001747A6 /* Base */ = {isa = PBXFileReference; lastKnownFileType = file.storyboard; name = Base; path = Base.lproj/LaunchScreen.storyboard; sourceTree = "<group>"; };
		B898EE2F28610073001747A6 /* Info.plist */ = {isa = PBXFileReference; lastKnownFileType = text.plist.xml; path = Info.plist; sourceTree = "<group>"; };
		B898EE3528611599001747A6 /* Capstone2022 */ = {isa = PBXFileReference; lastKnownFileType = folder; name = Capstone2022; path = ../../../Capstone2022; sourceTree = "<group>"; };
/* End PBXFileReference section */

/* Begin PBXFrameworksBuildPhase section */
		B898EE1B28610072001747A6 /* Frameworks */ = {
			isa = PBXFrameworksBuildPhase;
			buildActionMask = 2147483647;
			files = (
			);
			runOnlyForDeploymentPostprocessing = 0;
		};
/* End PBXFrameworksBuildPhase section */

/* Begin PBXGroup section */
		B898EE1528610072001747A6 = {
			isa = PBXGroup;
			children = (
				B898EE2028610072001747A6 /* OverlayCameraApp */,
				B898EE1F28610072001747A6 /* Products */,
			);
			sourceTree = "<group>";
		};
		B898EE1F28610072001747A6 /* Products */ = {
			isa = PBXGroup;
			children = (
				B898EE1E28610072001747A6 /* OverlayCameraApp.app */,
			);
			name = Products;
			sourceTree = "<group>";
		};
		B898EE2028610072001747A6 /* OverlayCameraApp */ = {
			isa = PBXGroup;
			children = (
				B898EE2128610072001747A6 /* AppDelegate.swift */,
				B898EE2328610072001747A6 /* SceneDelegate.swift */,
				B898EE2528610072001747A6 /* ViewController.swift */,
				B898EE2728610072001747A6 /* Main.storyboard */,
				B898EE3528611599001747A6 /* Capstone2022 */,
				B898EE2A28610073001747A6 /* Assets.xcassets */,
				B898EE2C28610073001747A6 /* LaunchScreen.storyboard */,
				B898EE2F28610073001747A6 /* Info.plist */,
			);
			path = OverlayCameraApp;
			sourceTree = "<group>";
		};
/* End PBXGroup section */

/* Begin PBXNativeTarget section */
		B898EE1D28610072001747A6 /* OverlayCameraApp */ = {
			isa = PBXNativeTarget;
			buildConfigurationList = B898EE3228610073001747A6 /* Build configuration list for PBXNativeTarget "OverlayCameraApp" */;
			buildPhases = (
				B898EE1A28610072001747A6 /* Sources */,
				B898EE1B28610072001747A6 /* Frameworks */,
				B898EE1C28610072001747A6 /* Resources */,
			);
			buildRules = (
			);
			dependencies = (
			);
			name = OverlayCameraApp;
			productName = OverlayCameraApp;
			productReference = B898EE1E28610072001747A6 /* OverlayCameraApp.app */;
			productType = "com.apple.product-type.application";
		};
/* End PBXNativeTarget section */

/* Begin PBXProject section */
		B898EE1628610072001747A6 /* Project object */ = {
			isa = PBXProject;
			attributes = {
				LastSwiftUpdateCheck = 1250;
				LastUpgradeCheck = 1250;
				TargetAttributes = {
					B898EE1D28610072001747A6 = {
						CreatedOnToolsVersion = 12.5.1;
					};
				};
			};
			buildConfigurationList = B898EE1928610072001747A6 /* Build configuration list for PBXProject "OverlayCameraApp" */;
			compatibilityVersion = "Xcode 9.3";
			developmentRegion = en;
			hasScannedForEncodings = 0;
			knownRegions = (
				en,
				Base,
			);
			mainGroup = B898EE1528610072001747A6;
			productRefGroup = B898EE1F28610072001747A6 /* Products */;
			projectDirPath = "";
			projectRoot = "";
			targets = (
				B898EE1D28610072001747A6 /* OverlayCameraApp */,
			);
		};
/* End PBXProject section */

/* Begin PBXResourcesBuildPhase section */
		B898EE1C28610072001747A6 /* Resources */ = {
			isa = PBXResourcesBuildPhase;
			buildActionMask = 2147483647;
			files = (
				B898EE2E28610073001747A6 /* LaunchScreen.storyboard in Resources */,
				B898EE2B28610073001747A6 /* Assets.xcassets in Resources */,
				B898EE2928610072001747A6 /* Main.storyboard in Resources */,
				B898EE3628611599001747A6 /* Capstone2022 in Resources */,
			);
			runOnlyForDeploymentPostprocessing = 0;
		};
/* End PBXResourcesBuildPhase section */

/* Begin PBXSourcesBuildPhase section */
		B898EE1A28610072001747A6 /* Sources */ = {
			isa = PBXSourcesBuildPhase;
			buildActionMask = 2147483647;
			files = (
				B898EE2628610072001747A6 /* ViewController.swift in Sources */,
				B898EE2228610072001747A6 /* AppDelegate.swift in Sources */,
				B898EE2428610072001747A6 /* SceneDelegate.swift in Sources */,
			);
			runOnlyForDeploymentPostprocessing = 0;
		};
/* End PBXSourcesBuildPhase section */

/* Begin PBXVariantGroup section */
		B898EE2728610072001747A6 /* Main.storyboard */ = {
			isa = PBXVariantGroup;
			children = (
				B898EE2828610072001747A6 /* Base */,
			);
			name = Main.storyboard;
			sourceTree = "<group>";
		};
		B898EE2C28610073001747A6 /* LaunchScreen.storyboard */ = {
			isa = PBXVariantGroup;
			children = (
				B898EE2D28610073001747A6 /* Base */,
			);
			name = LaunchScreen.storyboard;
			sourceTree = "<group>";
		};
/* End PBXVariantGroup section */

/* Begin XCBuildConfiguration section */
		B898EE3028610073001747A6 /* Debug */ = {
			isa = XCBuildConfiguration;
			buildSettings = {
				ALWAYS_SEARCH_USER_PATHS = NO;
				CLANG_ANALYZER_NONNULL = YES;
				CLANG_ANALYZER_NUMBER_OBJECT_CONVERSION = YES_AGGRESSIVE;
				CLANG_CXX_LANGUAGE_STANDARD = "gnu++14";
				CLANG_CXX_LIBRARY = "libc++";
				CLANG_ENABLE_MODULES = YES;
				CLANG_ENABLE_OBJC_ARC = YES;
				CLANG_ENABLE_OBJC_WEAK = YES;
				CLANG_WARN_BLOCK_CAPTURE_AUTORELEASING = YES;
				CLANG_WARN_BOOL_CONVERSION = YES;
				CLANG_WARN_COMMA = YES;
				CLANG_WARN_CONSTANT_CONVERSION = YES;
				CLANG_WARN_DEPRECATED_OBJC_IMPLEMENTATIONS = YES;
				CLANG_WARN_DIRECT_OBJC_ISA_USAGE = YES_ERROR;
				CLANG_WARN_DOCUMENTATION_COMMENTS = YES;
				CLANG_WARN_EMPTY_BODY = YES;
				CLANG_WARN_ENUM_CONVERSION = YES;
				CLANG_WARN_INFINITE_RECURSION = YES;
				CLANG_WARN_INT_CONVERSION = YES;
				CLANG_WARN_NON_LITERAL_NULL_CONVERSION = YES;
				CLANG_WARN_OBJC_IMPLICIT_RETAIN_SELF = YES;
				CLANG_WARN_OBJC_LITERAL_CONVERSION = YES;
				CLANG_WARN_OBJC_ROOT_CLASS = YES_ERROR;
				CLANG_WARN_QUOTED_INCLUDE_IN_FRAMEWORK_HEADER = YES;
				CLANG_WARN_RANGE_LOOP_ANALYSIS = YES;
				CLANG_WARN_STRICT_PROTOTYPES = YES;
				CLANG_WARN_SUSPICIOUS_MOVE = YES;
				CLANG_WARN_UNGUARDED_AVAILABILITY = YES_AGGRESSIVE;
				CLANG_WARN_UNREACHABLE_CODE = YES;
				CLANG_WARN__DUPLICATE_METHOD_MATCH = YES;
				COPY_PHASE_STRIP = NO;
				DEBUG_INFORMATION_FORMAT = dwarf;
				ENABLE_STRICT_OBJC_MSGSEND = YES;
				ENABLE_TESTABILITY = YES;
				GCC_C_LANGUAGE_STANDARD = gnu11;
				GCC_DYNAMIC_NO_PIC = NO;
				GCC_NO_COMMON_BLOCKS = YES;
				GCC_OPTIMIZATION_LEVEL = 0;
				GCC_PREPROCESSOR_DEFINITIONS = (
					"DEBUG=1",
					"$(inherited)",
				);
				GCC_WARN_64_TO_32_BIT_CONVERSION = YES;
				GCC_WARN_ABOUT_RETURN_TYPE = YES_ERROR;
				GCC_WARN_UNDECLARED_SELECTOR = YES;
				GCC_WARN_UNINITIALIZED_AUTOS = YES_AGGRESSIVE;
				GCC_WARN_UNUSED_FUNCTION = YES;
				GCC_WARN_UNUSED_VARIABLE = YES;
				IPHONEOS_DEPLOYMENT_TARGET = 14.5;
				MTL_ENABLE_DEBUG_INFO = INCLUDE_SOURCE;
				MTL_FAST_MATH = YES;
				ONLY_ACTIVE_ARCH = YES;
				SDKROOT = iphoneos;
				SWIFT_ACTIVE_COMPILATION_CONDITIONS = DEBUG;
				SWIFT_OPTIMIZATION_LEVEL = "-Onone";
			};
			name = Debug;
		};
		B898EE3128610073001747A6 /* Release */ = {
			isa = XCBuildConfiguration;
			buildSettings = {
				ALWAYS_SEARCH_USER_PATHS = NO;
				CLANG_ANALYZER_NONNULL = YES;
				CLANG_ANALYZER_NUMBER_OBJECT_CONVERSION = YES_AGGRESSIVE;
				CLANG_CXX_LANGUAGE_STANDARD = "gnu++14";
				CLANG_CXX_LIBRARY = "libc++";
				CLANG_ENABLE_MODULES = YES;
				CLANG_ENABLE_OBJC_ARC = YES;
				CLANG_ENABLE_OBJC_WEAK = YES;
				CLANG_WARN_BLOCK_CAPTURE_AUTORELEASING = YES;
				CLANG_WARN_BOOL_CONVERSION = YES;
				CLANG_WARN_COMMA = YES;
				CLANG_WARN_CONSTANT_CONVERSION = YES;
				CLANG_WARN_DEPRECATED_OBJC_IMPLEMENTATIONS = YES;
				CLANG_WARN_DIRECT_OBJC_ISA_USAGE = YES_ERROR;
				CLANG_WARN_DOCUMENTATION_COMMENTS = YES;
				CLANG_WARN_EMPTY_BODY = YES;
				CLANG_WARN_ENUM_CONVERSION = YES;
				CLANG_WARN_INFINITE_RECURSION = YES;
				CLANG_WARN_INT_CONVERSION = YES;
				CLANG_WARN_NON_LITERAL_NULL_CONVERSION = YES;
				CLANG_WARN_OBJC_IMPLICIT_RETAIN_SELF = YES;
				CLANG_WARN_OBJC_LITERAL_CONVERSION = YES;
				CLANG_WARN_OBJC_ROOT_CLASS = YES_ERROR;
				CLANG_WARN_QUOTED_INCLUDE_IN_FRAMEWORK_HEADER = YES;
				CLANG_WARN_RANGE_LOOP_ANALYSIS = YES;
				CLANG_WARN_STRICT_PROTOTYPES = YES;
				CLANG_WARN_SUSPICIOUS_MOVE = YES;
				CLANG_WARN_UNGUARDED_AVAILABILITY = YES_AGGRESSIVE;
				CLANG_WARN_UNREACHABLE_CODE = YES;
				CLANG_WARN__DUPLICATE_METHOD_MATCH = YES;
				COPY_PHASE_STRIP = NO;
				DEBUG_INFORMATION_FORMAT = "dwarf-with-dsym";
				ENABLE_NS_ASSERTIONS = NO;
				ENABLE_STRICT_OBJC_MSGSEND = YES;
				GCC_C_LANGUAGE_STANDARD = gnu11;
				GCC_NO_COMMON_BLOCKS = YES;
				GCC_WARN_64_TO_32_BIT_CONVERSION = YES;
				GCC_WARN_ABOUT_RETURN_TYPE = YES_ERROR;
				GCC_WARN_UNDECLARED_SELECTOR = YES;
				GCC_WARN_UNINITIALIZED_AUTOS = YES_AGGRESSIVE;
				GCC_WARN_UNUSED_FUNCTION = YES;
				GCC_WARN_UNUSED_VARIABLE = YES;
				IPHONEOS_DEPLOYMENT_TARGET = 14.5;
				MTL_ENABLE_DEBUG_INFO = NO;
				MTL_FAST_MATH = YES;
				SDKROOT = iphoneos;
				SWIFT_COMPILATION_MODE = wholemodule;
				SWIFT_OPTIMIZATION_LEVEL = "-O";
				VALIDATE_PRODUCT = YES;
			};
			name = Release;
		};
		B898EE3328610073001747A6 /* Debug */ = {
			isa = XCBuildConfiguration;
			buildSettings = {
				ASSETCATALOG_COMPILER_APPICON_NAME = AppIcon;
				ASSETCATALOG_COMPILER_GLOBAL_ACCENT_COLOR_NAME = AccentColor;
				CODE_SIGN_STYLE = Automatic;
				DEVELOPMENT_TEAM = 96URV4UD8Z;
				INFOPLIST_FILE = OverlayCameraApp/Info.plist;
				LD_RUNPATH_SEARCH_PATHS = (
					"$(inherited)",
					"@executable_path/Frameworks",
				);
				PRODUCT_BUNDLE_IDENTIFIER = com.catherine.OverlayCameraApp;
				PRODUCT_NAME = "$(TARGET_NAME)";
				SWIFT_VERSION = 5.0;
				TARGETED_DEVICE_FAMILY = "1,2";
			};
			name = Debug;
		};
		B898EE3428610073001747A6 /* Release */ = {
			isa = XCBuildConfiguration;
			buildSettings = {
				ASSETCATALOG_COMPILER_APPICON_NAME = AppIcon;
				ASSETCATALOG_COMPILER_GLOBAL_ACCENT_COLOR_NAME = AccentColor;
				CODE_SIGN_STYLE = Automatic;
				DEVELOPMENT_TEAM = 96URV4UD8Z;
				INFOPLIST_FILE = OverlayCameraApp/Info.plist;
				LD_RUNPATH_SEARCH_PATHS = (
					"$(inherited)",
					"@executable_path/Frameworks",
				);
				PRODUCT_BUNDLE_IDENTIFIER = com.catherine.OverlayCameraApp;
				PRODUCT_NAME = "$(TARGET_NAME)";
				SWIFT_VERSION = 5.0;
				TARGETED_DEVICE_FAMILY = "1,2";
			};
			name = Release;
		};
/* End XCBuildConfiguration section */

/* Begin XCConfigurationList section */
		B898EE1928610072001747A6 /* Build configuration list for PBXProject "OverlayCameraApp" */ = {
			isa = XCConfigurationList;
			buildConfigurations = (
				B898EE3028610073001747A6 /* Debug */,
				B898EE3128610073001747A6 /* Release */,
			);
			defaultConfigurationIsVisible = 0;
			defaultConfigurationName = Release;
		};
		B898EE3228610073001747A6 /* Build configuration list for PBXNativeTarget "OverlayCameraApp" */ = {
			isa = XCConfigurationList;
			buildConfigurations = (
				B898EE3328610073001747A6 /* Debug */,
				B898EE3428610073001747A6 /* Release */,
			);
			defaultConfigurationIsVisible = 0;
			defaultConfigurationName = Release;
		};
/* End XCConfigurationList section */
	};
	rootObject = B898EE1628610072001747A6 /* Project object */;
}
