// !$*UTF8*$!
{
	archiveVersion = 1;
	classes = {
	};
	objectVersion = 55;
	objects = {

/* Begin PBXBuildFile section */
		9836D011287105D100F3A3AF /* uploadView.swift in Sources */ = {isa = PBXBuildFile; fileRef = 9836D010287105D100F3A3AF /* uploadView.swift */; };
		B85FD56D286B98AD000CFA86 /* AppDelegate.swift in Sources */ = {isa = PBXBuildFile; fileRef = B85FD56C286B98AD000CFA86 /* AppDelegate.swift */; };
		B85FD56F286B98AD000CFA86 /* SceneDelegate.swift in Sources */ = {isa = PBXBuildFile; fileRef = B85FD56E286B98AD000CFA86 /* SceneDelegate.swift */; };
		B85FD571286B98AD000CFA86 /* ViewController.swift in Sources */ = {isa = PBXBuildFile; fileRef = B85FD570286B98AD000CFA86 /* ViewController.swift */; };
		B85FD574286B98AD000CFA86 /* Main.storyboard in Resources */ = {isa = PBXBuildFile; fileRef = B85FD572286B98AD000CFA86 /* Main.storyboard */; };
		B85FD576286B98AF000CFA86 /* Assets.xcassets in Resources */ = {isa = PBXBuildFile; fileRef = B85FD575286B98AF000CFA86 /* Assets.xcassets */; };
		B85FD579286B98AF000CFA86 /* LaunchScreen.storyboard in Resources */ = {isa = PBXBuildFile; fileRef = B85FD577286B98AF000CFA86 /* LaunchScreen.storyboard */; };
/* End PBXBuildFile section */

/* Begin PBXFileReference section */
		9836D010287105D100F3A3AF /* uploadView.swift */ = {isa = PBXFileReference; lastKnownFileType = sourcecode.swift; path = uploadView.swift; sourceTree = "<group>"; };
		B85FD569286B98AD000CFA86 /* TakingPictures.app */ = {isa = PBXFileReference; explicitFileType = wrapper.application; includeInIndex = 0; path = TakingPictures.app; sourceTree = BUILT_PRODUCTS_DIR; };
		B85FD56C286B98AD000CFA86 /* AppDelegate.swift */ = {isa = PBXFileReference; lastKnownFileType = sourcecode.swift; path = AppDelegate.swift; sourceTree = "<group>"; };
		B85FD56E286B98AD000CFA86 /* SceneDelegate.swift */ = {isa = PBXFileReference; lastKnownFileType = sourcecode.swift; path = SceneDelegate.swift; sourceTree = "<group>"; };
		B85FD570286B98AD000CFA86 /* ViewController.swift */ = {isa = PBXFileReference; lastKnownFileType = sourcecode.swift; path = ViewController.swift; sourceTree = "<group>"; };
		B85FD573286B98AD000CFA86 /* Base */ = {isa = PBXFileReference; lastKnownFileType = file.storyboard; name = Base; path = Base.lproj/Main.storyboard; sourceTree = "<group>"; };
		B85FD575286B98AF000CFA86 /* Assets.xcassets */ = {isa = PBXFileReference; lastKnownFileType = folder.assetcatalog; path = Assets.xcassets; sourceTree = "<group>"; };
		B85FD578286B98AF000CFA86 /* Base */ = {isa = PBXFileReference; lastKnownFileType = file.storyboard; name = Base; path = Base.lproj/LaunchScreen.storyboard; sourceTree = "<group>"; };
		B85FD57A286B98AF000CFA86 /* Info.plist */ = {isa = PBXFileReference; lastKnownFileType = text.plist.xml; path = Info.plist; sourceTree = "<group>"; };
/* End PBXFileReference section */

/* Begin PBXFrameworksBuildPhase section */
		B85FD566286B98AD000CFA86 /* Frameworks */ = {
			isa = PBXFrameworksBuildPhase;
			buildActionMask = 2147483647;
			files = (
			);
			runOnlyForDeploymentPostprocessing = 0;
		};
/* End PBXFrameworksBuildPhase section */

/* Begin PBXGroup section */
		B85FD560286B98AD000CFA86 = {
			isa = PBXGroup;
			children = (
				B85FD56B286B98AD000CFA86 /* TakingPictures */,
				B85FD56A286B98AD000CFA86 /* Products */,
			);
			sourceTree = "<group>";
		};
		B85FD56A286B98AD000CFA86 /* Products */ = {
			isa = PBXGroup;
			children = (
				B85FD569286B98AD000CFA86 /* TakingPictures.app */,
			);
			name = Products;
			sourceTree = "<group>";
		};
		B85FD56B286B98AD000CFA86 /* TakingPictures */ = {
			isa = PBXGroup;
			children = (
				B85FD56C286B98AD000CFA86 /* AppDelegate.swift */,
				B85FD56E286B98AD000CFA86 /* SceneDelegate.swift */,
				B85FD570286B98AD000CFA86 /* ViewController.swift */,
				B85FD572286B98AD000CFA86 /* Main.storyboard */,
				B85FD575286B98AF000CFA86 /* Assets.xcassets */,
				B85FD577286B98AF000CFA86 /* LaunchScreen.storyboard */,
				B85FD57A286B98AF000CFA86 /* Info.plist */,
				9836D010287105D100F3A3AF /* uploadView.swift */,
			);
			path = TakingPictures;
			sourceTree = "<group>";
		};
/* End PBXGroup section */

/* Begin PBXNativeTarget section */
		B85FD568286B98AD000CFA86 /* TakingPictures */ = {
			isa = PBXNativeTarget;
			buildConfigurationList = B85FD57D286B98AF000CFA86 /* Build configuration list for PBXNativeTarget "TakingPictures" */;
			buildPhases = (
				B85FD565286B98AD000CFA86 /* Sources */,
				B85FD566286B98AD000CFA86 /* Frameworks */,
				B85FD567286B98AD000CFA86 /* Resources */,
			);
			buildRules = (
			);
			dependencies = (
			);
			name = TakingPictures;
			productName = TakingPictures;
			productReference = B85FD569286B98AD000CFA86 /* TakingPictures.app */;
			productType = "com.apple.product-type.application";
		};
/* End PBXNativeTarget section */

/* Begin PBXProject section */
		B85FD561286B98AD000CFA86 /* Project object */ = {
			isa = PBXProject;
			attributes = {
				BuildIndependentTargetsInParallel = 1;
				LastSwiftUpdateCheck = 1340;
				LastUpgradeCheck = 1340;
				TargetAttributes = {
					B85FD568286B98AD000CFA86 = {
						CreatedOnToolsVersion = 13.4.1;
					};
				};
			};
			buildConfigurationList = B85FD564286B98AD000CFA86 /* Build configuration list for PBXProject "TakingPictures" */;
			compatibilityVersion = "Xcode 13.0";
			developmentRegion = en;
			hasScannedForEncodings = 0;
			knownRegions = (
				en,
				Base,
			);
			mainGroup = B85FD560286B98AD000CFA86;
			productRefGroup = B85FD56A286B98AD000CFA86 /* Products */;
			projectDirPath = "";
			projectRoot = "";
			targets = (
				B85FD568286B98AD000CFA86 /* TakingPictures */,
			);
		};
/* End PBXProject section */

/* Begin PBXResourcesBuildPhase section */
		B85FD567286B98AD000CFA86 /* Resources */ = {
			isa = PBXResourcesBuildPhase;
			buildActionMask = 2147483647;
			files = (
				B85FD579286B98AF000CFA86 /* LaunchScreen.storyboard in Resources */,
				B85FD576286B98AF000CFA86 /* Assets.xcassets in Resources */,
				B85FD574286B98AD000CFA86 /* Main.storyboard in Resources */,
			);
			runOnlyForDeploymentPostprocessing = 0;
		};
/* End PBXResourcesBuildPhase section */

/* Begin PBXSourcesBuildPhase section */
		B85FD565286B98AD000CFA86 /* Sources */ = {
			isa = PBXSourcesBuildPhase;
			buildActionMask = 2147483647;
			files = (
				B85FD571286B98AD000CFA86 /* ViewController.swift in Sources */,
				B85FD56D286B98AD000CFA86 /* AppDelegate.swift in Sources */,
				B85FD56F286B98AD000CFA86 /* SceneDelegate.swift in Sources */,
				9836D011287105D100F3A3AF /* uploadView.swift in Sources */,
			);
			runOnlyForDeploymentPostprocessing = 0;
		};
/* End PBXSourcesBuildPhase section */

/* Begin PBXVariantGroup section */
		B85FD572286B98AD000CFA86 /* Main.storyboard */ = {
			isa = PBXVariantGroup;
			children = (
				B85FD573286B98AD000CFA86 /* Base */,
			);
			name = Main.storyboard;
			sourceTree = "<group>";
		};
		B85FD577286B98AF000CFA86 /* LaunchScreen.storyboard */ = {
			isa = PBXVariantGroup;
			children = (
				B85FD578286B98AF000CFA86 /* Base */,
			);
			name = LaunchScreen.storyboard;
			sourceTree = "<group>";
		};
/* End PBXVariantGroup section */

/* Begin XCBuildConfiguration section */
		B85FD57B286B98AF000CFA86 /* Debug */ = {
			isa = XCBuildConfiguration;
			buildSettings = {
				ALWAYS_SEARCH_USER_PATHS = NO;
				CLANG_ANALYZER_NONNULL = YES;
				CLANG_ANALYZER_NUMBER_OBJECT_CONVERSION = YES_AGGRESSIVE;
				CLANG_CXX_LANGUAGE_STANDARD = "gnu++17";
				CLANG_ENABLE_MODULES = YES;
				CLANG_ENABLE_OBJC_ARC = YES;
				CLANG_ENABLE_OBJC_WEAK = YES;
				CLANG_WARN_BLOCK_CAPTURE_AUTORELEASING = YES;
				CLANG_WARN_BOOL_CONVERSION = YES;
				CLANG_WARN_COMMA = YES;
				CLANG_WARN_CONSTANT_CONVERSION = YES;
				CLANG_WARN_DEPRECATED_OBJC_IMPLEMENTATIONS = YES;
				CLANG_WARN_DIRECT_OBJC_ISA_USAGE = YES_ERROR;
				CLANG_WARN_DOCUMENTATION_COMMENTS = YES;
				CLANG_WARN_EMPTY_BODY = YES;
				CLANG_WARN_ENUM_CONVERSION = YES;
				CLANG_WARN_INFINITE_RECURSION = YES;
				CLANG_WARN_INT_CONVERSION = YES;
				CLANG_WARN_NON_LITERAL_NULL_CONVERSION = YES;
				CLANG_WARN_OBJC_IMPLICIT_RETAIN_SELF = YES;
				CLANG_WARN_OBJC_LITERAL_CONVERSION = YES;
				CLANG_WARN_OBJC_ROOT_CLASS = YES_ERROR;
				CLANG_WARN_QUOTED_INCLUDE_IN_FRAMEWORK_HEADER = YES;
				CLANG_WARN_RANGE_LOOP_ANALYSIS = YES;
				CLANG_WARN_STRICT_PROTOTYPES = YES;
				CLANG_WARN_SUSPICIOUS_MOVE = YES;
				CLANG_WARN_UNGUARDED_AVAILABILITY = YES_AGGRESSIVE;
				CLANG_WARN_UNREACHABLE_CODE = YES;
				CLANG_WARN__DUPLICATE_METHOD_MATCH = YES;
				COPY_PHASE_STRIP = NO;
				DEBUG_INFORMATION_FORMAT = dwarf;
				ENABLE_STRICT_OBJC_MSGSEND = YES;
				ENABLE_TESTABILITY = YES;
				GCC_C_LANGUAGE_STANDARD = gnu11;
				GCC_DYNAMIC_NO_PIC = NO;
				GCC_NO_COMMON_BLOCKS = YES;
				GCC_OPTIMIZATION_LEVEL = 0;
				GCC_PREPROCESSOR_DEFINITIONS = (
					"DEBUG=1",
					"$(inherited)",
				);
				GCC_WARN_64_TO_32_BIT_CONVERSION = YES;
				GCC_WARN_ABOUT_RETURN_TYPE = YES_ERROR;
				GCC_WARN_UNDECLARED_SELECTOR = YES;
				GCC_WARN_UNINITIALIZED_AUTOS = YES_AGGRESSIVE;
				GCC_WARN_UNUSED_FUNCTION = YES;
				GCC_WARN_UNUSED_VARIABLE = YES;
				IPHONEOS_DEPLOYMENT_TARGET = 15.5;
				MTL_ENABLE_DEBUG_INFO = INCLUDE_SOURCE;
				MTL_FAST_MATH = YES;
				ONLY_ACTIVE_ARCH = YES;
				SDKROOT = iphoneos;
				SWIFT_ACTIVE_COMPILATION_CONDITIONS = DEBUG;
				SWIFT_OPTIMIZATION_LEVEL = "-Onone";
			};
			name = Debug;
		};
		B85FD57C286B98AF000CFA86 /* Release */ = {
			isa = XCBuildConfiguration;
			buildSettings = {
				ALWAYS_SEARCH_USER_PATHS = NO;
				CLANG_ANALYZER_NONNULL = YES;
				CLANG_ANALYZER_NUMBER_OBJECT_CONVERSION = YES_AGGRESSIVE;
				CLANG_CXX_LANGUAGE_STANDARD = "gnu++17";
				CLANG_ENABLE_MODULES = YES;
				CLANG_ENABLE_OBJC_ARC = YES;
				CLANG_ENABLE_OBJC_WEAK = YES;
				CLANG_WARN_BLOCK_CAPTURE_AUTORELEASING = YES;
				CLANG_WARN_BOOL_CONVERSION = YES;
				CLANG_WARN_COMMA = YES;
				CLANG_WARN_CONSTANT_CONVERSION = YES;
				CLANG_WARN_DEPRECATED_OBJC_IMPLEMENTATIONS = YES;
				CLANG_WARN_DIRECT_OBJC_ISA_USAGE = YES_ERROR;
				CLANG_WARN_DOCUMENTATION_COMMENTS = YES;
				CLANG_WARN_EMPTY_BODY = YES;
				CLANG_WARN_ENUM_CONVERSION = YES;
				CLANG_WARN_INFINITE_RECURSION = YES;
				CLANG_WARN_INT_CONVERSION = YES;
				CLANG_WARN_NON_LITERAL_NULL_CONVERSION = YES;
				CLANG_WARN_OBJC_IMPLICIT_RETAIN_SELF = YES;
				CLANG_WARN_OBJC_LITERAL_CONVERSION = YES;
				CLANG_WARN_OBJC_ROOT_CLASS = YES_ERROR;
				CLANG_WARN_QUOTED_INCLUDE_IN_FRAMEWORK_HEADER = YES;
				CLANG_WARN_RANGE_LOOP_ANALYSIS = YES;
				CLANG_WARN_STRICT_PROTOTYPES = YES;
				CLANG_WARN_SUSPICIOUS_MOVE = YES;
				CLANG_WARN_UNGUARDED_AVAILABILITY = YES_AGGRESSIVE;
				CLANG_WARN_UNREACHABLE_CODE = YES;
				CLANG_WARN__DUPLICATE_METHOD_MATCH = YES;
				COPY_PHASE_STRIP = NO;
				DEBUG_INFORMATION_FORMAT = "dwarf-with-dsym";
				ENABLE_NS_ASSERTIONS = NO;
				ENABLE_STRICT_OBJC_MSGSEND = YES;
				GCC_C_LANGUAGE_STANDARD = gnu11;
				GCC_NO_COMMON_BLOCKS = YES;
				GCC_WARN_64_TO_32_BIT_CONVERSION = YES;
				GCC_WARN_ABOUT_RETURN_TYPE = YES_ERROR;
				GCC_WARN_UNDECLARED_SELECTOR = YES;
				GCC_WARN_UNINITIALIZED_AUTOS = YES_AGGRESSIVE;
				GCC_WARN_UNUSED_FUNCTION = YES;
				GCC_WARN_UNUSED_VARIABLE = YES;
				IPHONEOS_DEPLOYMENT_TARGET = 15.5;
				MTL_ENABLE_DEBUG_INFO = NO;
				MTL_FAST_MATH = YES;
				SDKROOT = iphoneos;
				SWIFT_COMPILATION_MODE = wholemodule;
				SWIFT_OPTIMIZATION_LEVEL = "-O";
				VALIDATE_PRODUCT = YES;
			};
			name = Release;
		};
		B85FD57E286B98AF000CFA86 /* Debug */ = {
			isa = XCBuildConfiguration;
			buildSettings = {
				ASSETCATALOG_COMPILER_APPICON_NAME = AppIcon;
				ASSETCATALOG_COMPILER_GLOBAL_ACCENT_COLOR_NAME = AccentColor;
				CODE_SIGN_IDENTITY = "iPhone Developer";
				CODE_SIGN_STYLE = Automatic;
				CURRENT_PROJECT_VERSION = 1;
				DEVELOPMENT_TEAM = KDWG89574C;
				GENERATE_INFOPLIST_FILE = YES;
				INFOPLIST_FILE = TakingPictures/Info.plist;
				INFOPLIST_KEY_NSCameraUsageDescription = "Please Allow access to take a picture";
				INFOPLIST_KEY_NSPhotoLibraryUsageDescription = "Please Allow access to view pictures";
				INFOPLIST_KEY_UIApplicationSupportsIndirectInputEvents = YES;
				INFOPLIST_KEY_UILaunchStoryboardName = LaunchScreen;
				INFOPLIST_KEY_UIMainStoryboardFile = Main;
				INFOPLIST_KEY_UISupportedInterfaceOrientations_iPad = "UIInterfaceOrientationPortrait UIInterfaceOrientationPortraitUpsideDown UIInterfaceOrientationLandscapeLeft UIInterfaceOrientationLandscapeRight";
				INFOPLIST_KEY_UISupportedInterfaceOrientations_iPhone = "UIInterfaceOrientationPortrait UIInterfaceOrientationLandscapeLeft UIInterfaceOrientationLandscapeRight";
				LD_RUNPATH_SEARCH_PATHS = (
					"$(inherited)",
					"@executable_path/Frameworks",
				);
				MARKETING_VERSION = 1.0;
				PRODUCT_BUNDLE_IDENTIFIER = com.ssing321.TakingPictures;
				PRODUCT_NAME = "$(TARGET_NAME)";
				SWIFT_EMIT_LOC_STRINGS = YES;
				SWIFT_VERSION = 5.0;
				TARGETED_DEVICE_FAMILY = "1,2";
			};
			name = Debug;
		};
		B85FD57F286B98AF000CFA86 /* Release */ = {
			isa = XCBuildConfiguration;
			buildSettings = {
				ASSETCATALOG_COMPILER_APPICON_NAME = AppIcon;
				ASSETCATALOG_COMPILER_GLOBAL_ACCENT_COLOR_NAME = AccentColor;
				CODE_SIGN_IDENTITY = "iPhone Distribution";
				CODE_SIGN_STYLE = Automatic;
				CURRENT_PROJECT_VERSION = 1;
				DEVELOPMENT_TEAM = 693TH9TMRT;
				GENERATE_INFOPLIST_FILE = YES;
				INFOPLIST_FILE = TakingPictures/Info.plist;
				INFOPLIST_KEY_NSCameraUsageDescription = "Please Allow access to take a picture";
				INFOPLIST_KEY_NSPhotoLibraryUsageDescription = "Please Allow access to view pictures";
				INFOPLIST_KEY_UIApplicationSupportsIndirectInputEvents = YES;
				INFOPLIST_KEY_UILaunchStoryboardName = LaunchScreen;
				INFOPLIST_KEY_UIMainStoryboardFile = Main;
				INFOPLIST_KEY_UISupportedInterfaceOrientations_iPad = "UIInterfaceOrientationPortrait UIInterfaceOrientationPortraitUpsideDown UIInterfaceOrientationLandscapeLeft UIInterfaceOrientationLandscapeRight";
				INFOPLIST_KEY_UISupportedInterfaceOrientations_iPhone = "UIInterfaceOrientationPortrait UIInterfaceOrientationLandscapeLeft UIInterfaceOrientationLandscapeRight";
				LD_RUNPATH_SEARCH_PATHS = (
					"$(inherited)",
					"@executable_path/Frameworks",
				);
				MARKETING_VERSION = 1.0;
				PRODUCT_BUNDLE_IDENTIFIER = com.catherine.TakingPictures;
				PRODUCT_NAME = "$(TARGET_NAME)";
				SWIFT_EMIT_LOC_STRINGS = YES;
				SWIFT_VERSION = 5.0;
				TARGETED_DEVICE_FAMILY = "1,2";
			};
			name = Release;
		};
/* End XCBuildConfiguration section */

/* Begin XCConfigurationList section */
		B85FD564286B98AD000CFA86 /* Build configuration list for PBXProject "TakingPictures" */ = {
			isa = XCConfigurationList;
			buildConfigurations = (
				B85FD57B286B98AF000CFA86 /* Debug */,
				B85FD57C286B98AF000CFA86 /* Release */,
			);
			defaultConfigurationIsVisible = 0;
			defaultConfigurationName = Release;
		};
		B85FD57D286B98AF000CFA86 /* Build configuration list for PBXNativeTarget "TakingPictures" */ = {
			isa = XCConfigurationList;
			buildConfigurations = (
				B85FD57E286B98AF000CFA86 /* Debug */,
				B85FD57F286B98AF000CFA86 /* Release */,
			);
			defaultConfigurationIsVisible = 0;
			defaultConfigurationName = Release;
		};
/* End XCConfigurationList section */
	};
	rootObject = B85FD561286B98AD000CFA86 /* Project object */;
}
